
Microsoft Visual Studio Solution File, Format Version 12.00
# Visual Studio Version 17
VisualStudioVersion = 17.5.33516.290
MinimumVisualStudioVersion = 10.0.40219.1
Project("{9A19103F-16F7-4668-BE54-9A1E7A4F7556}") = "Api.ReadyCheck.Tests", "API.ReadyCheck.Tests\Api.ReadyCheck.Tests.csproj", "{5E3AE53F-20D1-4122-84C7-116F352B8214}"
EndProject
Project("{9A19103F-16F7-4668-BE54-9A1E7A4F7556}") = "Api.Agency.Integration.Tests", "Api.Agency.Integration.Tests\Api.Agency.Integration.Tests.csproj", "{A0902C30-5FB4-4F39-A4A7-CDBFC1C0217D}"
EndProject
Project("{9A19103F-16F7-4668-BE54-9A1E7A4F7556}") = "Api.Label.Integration.Tests", "Api.Label.Integration.Tests\Api.Label.Integration.Tests.csproj", "{9944EA6F-BC46-4B51-8FC9-56C3B3BDD646}"
EndProject
Project("{9A19103F-16F7-4668-BE54-9A1E7A4F7556}") = "Api.Publisher.Integration.Tests", "Api.Publisher.Integration.Tests\Api.Publisher.Integration.Tests.csproj", "{8746C14D-2342-499D-A225-44B9388CC74D}"
EndProject
Project("{9A19103F-16F7-4668-BE54-9A1E7A4F7556}") = "Api.ThirdParty.Integration.Tests", "Api.ThirdParty.Integration.Tests\Api.ThirdParty.Integration.Tests.csproj", "{B0A04F11-52CA-4C29-BDE7-FC94B0F4EDEC}"
EndProject
Global
	GlobalSection(SolutionConfigurationPlatforms) = preSolution
		Debug|Any CPU = Debug|Any CPU
		Release|Any CPU = Release|Any CPU
	EndGlobalSection
	GlobalSection(ProjectConfigurationPlatforms) = postSolution
		{5E3AE53F-20D1-4122-84C7-116F352B8214}.Debug|Any CPU.ActiveCfg = Debug|Any CPU
		{5E3AE53F-20D1-4122-84C7-116F352B8214}.Debug|Any CPU.Build.0 = Debug|Any CPU
		{5E3AE53F-20D1-4122-84C7-116F352B8214}.Release|Any CPU.ActiveCfg = Release|Any CPU
		{5E3AE53F-20D1-4122-84C7-116F352B8214}.Release|Any CPU.Build.0 = Release|Any CPU
		{A0902C30-5FB4-4F39-A4A7-CDBFC1C0217D}.Debug|Any CPU.ActiveCfg = Debug|Any CPU
		{A0902C30-5FB4-4F39-A4A7-CDBFC1C0217D}.Debug|Any CPU.Build.0 = Debug|Any CPU
		{A0902C30-5FB4-4F39-A4A7-CDBFC1C0217D}.Release|Any CPU.ActiveCfg = Release|Any CPU
		{A0902C30-5FB4-4F39-A4A7-CDBFC1C0217D}.Release|Any CPU.Build.0 = Release|Any CPU
		{9944EA6F-BC46-4B51-8FC9-56C3B3BDD646}.Debug|Any CPU.ActiveCfg = Debug|Any CPU
		{9944EA6F-BC46-4B51-8FC9-56C3B3BDD646}.Debug|Any CPU.Build.0 = Debug|Any CPU
		{9944EA6F-BC46-4B51-8FC9-56C3B3BDD646}.Release|Any CPU.ActiveCfg = Release|Any CPU
		{9944EA6F-BC46-4B51-8FC9-56C3B3BDD646}.Release|Any CPU.Build.0 = Release|Any CPU
		{8746C14D-2342-499D-A225-44B9388CC74D}.Debug|Any CPU.ActiveCfg = Debug|Any CPU
		{8746C14D-2342-499D-A225-44B9388CC74D}.Debug|Any CPU.Build.0 = Debug|Any CPU
		{8746C14D-2342-499D-A225-44B9388CC74D}.Release|Any CPU.ActiveCfg = Release|Any CPU
		{8746C14D-2342-499D-A225-44B9388CC74D}.Release|Any CPU.Build.0 = Release|Any CPU
		{B0A04F11-52CA-4C29-BDE7-FC94B0F4EDEC}.Debug|Any CPU.ActiveCfg = Debug|Any CPU
		{B0A04F11-52CA-4C29-BDE7-FC94B0F4EDEC}.Debug|Any CPU.Build.0 = Debug|Any CPU
		{B0A04F11-52CA-4C29-BDE7-FC94B0F4EDEC}.Release|Any CPU.ActiveCfg = Release|Any CPU
		{B0A04F11-52CA-4C29-BDE7-FC94B0F4EDEC}.Release|Any CPU.Build.0 = Release|Any CPU
	EndGlobalSection
	GlobalSection(SolutionProperties) = preSolution
		HideSolutionNode = FALSE
	EndGlobalSection
	GlobalSection(ExtensibilityGlobals) = postSolution
		SolutionGuid = {624A03F9-2440-4A0D-B7EB-BBFD1D98C2F1}
	EndGlobalSection
EndGlobal
