
Microsoft Visual Studio Solution File, Format Version 12.00
# Visual Studio Version 17
VisualStudioVersion = 17.9.34701.34
MinimumVisualStudioVersion = 10.0.40219.1
Project("{00D1A9C2-B5F0-4AF3-8072-F6C62B433612}") = "Database", "src\Database\Database.sqlproj", "{C4E1078D-E7C5-4C0C-9CF8-4421BCCDA19A}"
EndProject
Project("{9A19103F-16F7-4668-BE54-9A1E7A4F7556}") = "Bdo", "src\Bdo\Bdo.csproj", "{7575E70D-63BD-421D-9941-B38161952E8A}"
EndProject
Project("{9A19103F-16F7-4668-BE54-9A1E7A4F7556}") = "Data", "src\Data\Data.csproj", "{000B53AF-53FA-4667-B7F0-4C4BB6CD70A8}"
EndProject
Project("{2150E333-8FDC-42A3-9474-1A3956D46DE8}") = "src", "src", "{7ACAF714-2848-43A9-ABA7-E68E37A142A2}"
EndProject
Project("{2150E333-8FDC-42A3-9474-1A3956D46DE8}") = "test", "test", "{0320E5CF-A913-4629-AE76-4C40EE78824D}"
EndProject
Project("{9A19103F-16F7-4668-BE54-9A1E7A4F7556}") = "ValidationPipeline", "src\Pipelines\ValidationPipeline\ValidationPipeline.csproj", "{E0B0482A-2ACB-430A-B535-1950D783C94E}"
EndProject
Project("{9A19103F-16F7-4668-BE54-9A1E7A4F7556}") = "Business", "src\Business\Business.csproj", "{72ABF11B-7515-4C19-9EF7-102AB81E335C}"
EndProject
Project("{9A19103F-16F7-4668-BE54-9A1E7A4F7556}") = "Framework", "src\Framework\Framework.csproj", "{5EBD95B1-F079-4411-90C9-F351C23F069D}"
EndProject
Project("{2150E333-8FDC-42A3-9474-1A3956D46DE8}") = "Pipelines", "Pipelines", "{1777E69F-97B9-4A95-A2F6-ACC1F5C4BD03}"
EndProject
Project("{9A19103F-16F7-4668-BE54-9A1E7A4F7556}") = "MatchingPipeline", "src\Pipelines\MatchingPipeline\MatchingPipeline.csproj", "{908AD3AE-7E48-4C9A-9ACE-75FAE9E5EDC5}"
EndProject
Project("{9A19103F-16F7-4668-BE54-9A1E7A4F7556}") = "ProcessingPipeline", "src\Pipelines\ProcessingPipeline\ProcessingPipeline.csproj", "{7AB3F208-F04F-4301-A576-0D2A144F94AF}"
EndProject
Project("{2150E333-8FDC-42A3-9474-1A3956D46DE8}") = "PipelineComponents", "PipelineComponents", "{A97FD245-E3D4-4D2D-8D9A-1D763638A7C1}"
EndProject
Project("{9A19103F-16F7-4668-BE54-9A1E7A4F7556}") = "MetadataStandardizationValidator", "src\PipelineComponents\MetadataStandardizationValidator\MetadataStandardizationValidator.csproj", "{2F352770-7F76-4F6F-B7B1-3C9CC31DC50E}"
EndProject
Project("{9A19103F-16F7-4668-BE54-9A1E7A4F7556}") = "LookupDataValidator", "src\PipelineComponents\LookupDataValidator\LookupDataValidator.csproj", "{4005795F-B8CC-40D1-B733-21166F8162DE}"
EndProject
Project("{9A19103F-16F7-4668-BE54-9A1E7A4F7556}") = "IswcEligibilityValidator", "src\PipelineComponents\IswcEligibilityValidator\IswcEligibilityValidator.csproj", "{70B69F0B-EE32-4AA0-AB30-19B003AF4458}"
EndProject
Project("{9A19103F-16F7-4668-BE54-9A1E7A4F7556}") = "PostMatchingValidator", "src\PipelineComponents\PostMatchingValidator\PostMatchingValidator.csproj", "{175821FF-79F4-42E7-8F54-A85038C0313A}"
EndProject
Project("{9A19103F-16F7-4668-BE54-9A1E7A4F7556}") = "StaticDataValidator", "src\PipelineComponents\StaticDataValidator\StaticDataValidator.csproj", "{8CDB0A85-1F40-4FA4-8C64-6CE50DB20906}"
EndProject
Project("{2150E333-8FDC-42A3-9474-1A3956D46DE8}") = "PipelineComponents", "PipelineComponents", "{01906382-7516-4779-9AB3-712B1FE6FB5F}"
EndProject
Project("{9A19103F-16F7-4668-BE54-9A1E7A4F7556}") = "StaticDataValidator.Tests", "test\PipelineComponents\StaticDataValidator.Tests\StaticDataValidator.Tests.csproj", "{274EBD8D-214C-4B7D-83F4-061BC04F58A5}"
EndProject
Project("{9A19103F-16F7-4668-BE54-9A1E7A4F7556}") = "IswcEligibilityValidator.Tests", "test\PipelineComponents\IswcEligibilityValidator.Tests\IswcEligibilityValidator.Tests.csproj", "{EF52092B-4394-4E4A-B34D-CC85A71FA6B0}"
EndProject
Project("{9A19103F-16F7-4668-BE54-9A1E7A4F7556}") = "LookupDataValidator.Tests", "test\PipelineComponents\LookupDataValidator.Tests\LookupDataValidator.Tests.csproj", "{07F739B1-5BD9-4062-816D-19E754515EFD}"
EndProject
Project("{9A19103F-16F7-4668-BE54-9A1E7A4F7556}") = "MetadataStandardizationValidator.Tests", "test\PipelineComponents\MetadataStandardizationValidator.Tests\MetadataStandardizationValidator.Tests.csproj", "{D526638C-65A0-4A69-AC40-59FEB3AF9C6B}"
EndProject
Project("{9A19103F-16F7-4668-BE54-9A1E7A4F7556}") = "PostMatchingValidator.Tests", "test\PipelineComponents\PostMatchingValidator.Tests\PostMatchingValidator.Tests.csproj", "{2F13D768-6842-48C0-8436-F2B02B2C67C7}"
EndProject
Project("{2150E333-8FDC-42A3-9474-1A3956D46DE8}") = "Pipelines", "Pipelines", "{4369B128-0D93-43B2-AA0C-A4E26BD81FD3}"
EndProject
Project("{9A19103F-16F7-4668-BE54-9A1E7A4F7556}") = "MatchingPipeline.Tests", "test\Pipelines\MatchingPipeline.Tests\MatchingPipeline.Tests.csproj", "{9370EBB6-7D64-4E0C-929F-31BF300CDD88}"
EndProject
Project("{9A19103F-16F7-4668-BE54-9A1E7A4F7556}") = "ValidationPipeline.Tests", "test\Pipelines\ValidationPipeline.Tests\ValidationPipeline.Tests.csproj", "{F410402E-EFE0-48C1-AFA3-FA4E110933FA}"
EndProject
Project("{9A19103F-16F7-4668-BE54-9A1E7A4F7556}") = "ProcessingPipeline.Tests", "test\Pipelines\ProcessingPipeline.Tests\ProcessingPipeline.Tests.csproj", "{D1E94EEA-6693-4E96-83FC-9BC07E097F2A}"
EndProject
Project("{9A19103F-16F7-4668-BE54-9A1E7A4F7556}") = "Framework.Tests", "test\Framework.Tests\Framework.Tests.csproj", "{2276CD19-AA65-47A4-962B-CB131B450926}"
EndProject
Project("{9A19103F-16F7-4668-BE54-9A1E7A4F7556}") = "Business.Tests", "test\Business.Tests\Business.Tests.csproj", "{3B3939DF-3A6F-4278-BF8C-54BCA12FDE30}"
EndProject
Project("{9A19103F-16F7-4668-BE54-9A1E7A4F7556}") = "Api.Tests", "test\Api.Tests\Api.Tests.csproj", "{3456C6A3-1498-411C-AA2C-FE848F67857A}"
EndProject
Project("{9A19103F-16F7-4668-BE54-9A1E7A4F7556}") = "Data.Tests", "test\Data.Tests\Data.Tests.csproj", "{8F82B6F9-A8B1-4D7B-8798-339DDFF2FDA6}"
EndProject
Project("{9A19103F-16F7-4668-BE54-9A1E7A4F7556}") = "PostMatchingPipeline", "src\Pipelines\PostMatchingPipeline\PostMatchingPipeline.csproj", "{726CC924-146F-4BFE-B1B2-55A3F4FFC6AE}"
EndProject
Project("{9A19103F-16F7-4668-BE54-9A1E7A4F7556}") = "PostMatchingPipeline.Tests", "test\Pipelines\PostMatchingPipeline.Tests\PostMatchingPipeline.Tests.csproj", "{91E0427A-4028-4C42-9728-56FD57BB99FD}"
EndProject
Project("{9A19103F-16F7-4668-BE54-9A1E7A4F7556}") = "MatchingComponent", "src\PipelineComponents\MatchingComponents\MatchingComponent.csproj", "{632EF1C4-94A2-408C-955A-C8C3BB9335D3}"
EndProject
Project("{2150E333-8FDC-42A3-9474-1A3956D46DE8}") = "Documentation", "Documentation", "{97F51DF8-427D-4DFB-A89E-A86C02773221}"
EndProject
Project("{9A19103F-16F7-4668-BE54-9A1E7A4F7556}") = "GenerateDocs", "test\Documentation\GenerateDocs\GenerateDocs.csproj", "{1DB8A976-2D65-4118-9F01-C98C9E0DCBF2}"
EndProject
Project("{9A19103F-16F7-4668-BE54-9A1E7A4F7556}") = "MatchingComponent.Tests", "test\PipelineComponents\MatchingComponent.Tests\MatchingComponent.Tests.csproj", "{15EDECB3-BC96-4E92-A96B-F4B00075BD6E}"
EndProject
Project("{9A19103F-16F7-4668-BE54-9A1E7A4F7556}") = "ProcessingComponent", "src\PipelineComponents\ProcessingComponent\ProcessingComponent.csproj", "{5CA722ED-7E5B-4794-B958-AF817932F351}"
EndProject
Project("{9A19103F-16F7-4668-BE54-9A1E7A4F7556}") = "ProcessingComponent.Tests", "test\PipelineComponents\ProcessingComponent.Tests\ProcessingComponent.Tests.csproj", "{749E9D19-9548-4355-8318-628FE0FB8D8C}"
EndProject
Project("{9A19103F-16F7-4668-BE54-9A1E7A4F7556}") = "Portal", "src\Portal\Portal.csproj", "{DCE4A99A-9C2B-4554-A3FE-D92E76DE1F50}"
EndProject
Project("{888888A0-9F3D-457C-B088-3A5042F75D52}") = "Edi", "src\Integration\Edi\Edi.pyproj", "{C92DF7B8-A931-498E-9BD5-B0BB20C098C7}"
EndProject
Project("{2150E333-8FDC-42A3-9474-1A3956D46DE8}") = "Integration", "Integration", "{834D1380-A3CE-4894-B096-42A995F114CC}"
EndProject
Project("{888888A0-9F3D-457C-B088-3A5042F75D52}") = "IpiFullSync", "src\Integration\IpiFullSync\IpiFullSync.pyproj", "{80BD0DB6-E0A6-4592-B1F0-F2C3525CDA71}"
EndProject
Project("{9A19103F-16F7-4668-BE54-9A1E7A4F7556}") = "Jobs", "src\Jobs\Jobs.csproj", "{6DDBCE14-744A-4983-8327-84DC330D7434}"
EndProject
Project("{2150E333-8FDC-42A3-9474-1A3956D46DE8}") = "AdHoc", "AdHoc", "{DE0BA70D-F300-426F-9739-902AD75E12C1}"
EndProject
Project("{9A19103F-16F7-4668-BE54-9A1E7A4F7556}") = "DemergeConsoleApp", "src\AdHoc\DemergeConsoleApp\DemergeConsoleApp.csproj", "{A1B8F3BF-1F06-42B0-A18E-603D4D89FE56}"
EndProject
Project("{9A19103F-16F7-4668-BE54-9A1E7A4F7556}") = "ReinstateTitlesConsoleApp", "src\AdHoc\ReinstateTitlesConsoleApp\ReinstateTitlesConsoleApp.csproj", "{A56EAF7B-7E54-445A-B457-EC95B06EAA15}"
EndProject
Project("{2150E333-8FDC-42A3-9474-1A3956D46DE8}") = "Solution Items", "Solution Items", "{D1203AC8-DDF3-45BA-82D3-694B8DD8F9C2}"
	ProjectSection(SolutionItems) = preProject
		CodeCoverage.runsettings = CodeCoverage.runsettings
	EndProjectSection
EndProject
Project("{9A19103F-16F7-4668-BE54-9A1E7A4F7556}") = "CosmosDbUpdateDocuments", "src\AdHoc\CosmosDbUpdateDocuments\CosmosDbUpdateDocuments.csproj", "{8F551838-5ABF-4033-AB38-4DDF68E5E677}"
EndProject
Project("{9A19103F-16F7-4668-BE54-9A1E7A4F7556}") = "Api.Agency", "src\Api.Agency\Api.Agency.csproj", "{EBDB4778-8B6C-4DAE-B1EF-F12B5AE0F252}"
EndProject
Project("{9A19103F-16F7-4668-BE54-9A1E7A4F7556}") = "Api.Label", "src\Api.Label\Api.Label.csproj", "{C4548B7C-0838-4111-8918-9E7A2C943973}"
EndProject
Project("{9A19103F-16F7-4668-BE54-9A1E7A4F7556}") = "Api.Publisher", "src\Api.Publisher\Api.Publisher.csproj", "{F5EE0006-0F47-4FD9-B92B-3D05C60E7F92}"
EndProject
Project("{9A19103F-16F7-4668-BE54-9A1E7A4F7556}") = "Api.ThirdParty", "src\Api.ThirdParty\Api.ThirdParty.csproj", "{52761652-F720-43D9-9421-00E14862DA9E}"
EndProject
Project("{9A19103F-16F7-4668-BE54-9A1E7A4F7556}") = "CosmosDbThirdPartySeed", "src\AdHoc\CosmosDbThirdPartySeed\CosmosDbThirdPartySeed.csproj", "{73EA69DD-5A9B-4B59-9E0C-FE6809C5E874}"
EndProject
Project("{9A19103F-16F7-4668-BE54-9A1E7A4F7556}") = "AddMissingIPIsConsoleApp", "src\AdHoc\AddMissingIPIsConsoleApp\AddMissingIPIsConsoleApp.csproj", "{3C4230AE-10E8-488D-BBFB-51F0B2CA1754}"
EndProject
Global
	GlobalSection(SolutionConfigurationPlatforms) = preSolution
		Debug|Any CPU = Debug|Any CPU
		Release|Any CPU = Release|Any CPU
	EndGlobalSection
	GlobalSection(ProjectConfigurationPlatforms) = postSolution
		{C4E1078D-E7C5-4C0C-9CF8-4421BCCDA19A}.Debug|Any CPU.ActiveCfg = Debug|Any CPU
		{C4E1078D-E7C5-4C0C-9CF8-4421BCCDA19A}.Debug|Any CPU.Build.0 = Debug|Any CPU
		{C4E1078D-E7C5-4C0C-9CF8-4421BCCDA19A}.Debug|Any CPU.Deploy.0 = Debug|Any CPU
		{C4E1078D-E7C5-4C0C-9CF8-4421BCCDA19A}.Release|Any CPU.ActiveCfg = Release|Any CPU
		{C4E1078D-E7C5-4C0C-9CF8-4421BCCDA19A}.Release|Any CPU.Build.0 = Release|Any CPU
		{C4E1078D-E7C5-4C0C-9CF8-4421BCCDA19A}.Release|Any CPU.Deploy.0 = Release|Any CPU
		{7575E70D-63BD-421D-9941-B38161952E8A}.Debug|Any CPU.ActiveCfg = Debug|Any CPU
		{7575E70D-63BD-421D-9941-B38161952E8A}.Debug|Any CPU.Build.0 = Debug|Any CPU
		{7575E70D-63BD-421D-9941-B38161952E8A}.Release|Any CPU.ActiveCfg = Release|Any CPU
		{7575E70D-63BD-421D-9941-B38161952E8A}.Release|Any CPU.Build.0 = Release|Any CPU
		{000B53AF-53FA-4667-B7F0-4C4BB6CD70A8}.Debug|Any CPU.ActiveCfg = Debug|Any CPU
		{000B53AF-53FA-4667-B7F0-4C4BB6CD70A8}.Debug|Any CPU.Build.0 = Debug|Any CPU
		{000B53AF-53FA-4667-B7F0-4C4BB6CD70A8}.Release|Any CPU.ActiveCfg = Release|Any CPU
		{000B53AF-53FA-4667-B7F0-4C4BB6CD70A8}.Release|Any CPU.Build.0 = Release|Any CPU
		{E0B0482A-2ACB-430A-B535-1950D783C94E}.Debug|Any CPU.ActiveCfg = Debug|Any CPU
		{E0B0482A-2ACB-430A-B535-1950D783C94E}.Debug|Any CPU.Build.0 = Debug|Any CPU
		{E0B0482A-2ACB-430A-B535-1950D783C94E}.Release|Any CPU.ActiveCfg = Release|Any CPU
		{E0B0482A-2ACB-430A-B535-1950D783C94E}.Release|Any CPU.Build.0 = Release|Any CPU
		{72ABF11B-7515-4C19-9EF7-102AB81E335C}.Debug|Any CPU.ActiveCfg = Debug|Any CPU
		{72ABF11B-7515-4C19-9EF7-102AB81E335C}.Debug|Any CPU.Build.0 = Debug|Any CPU
		{72ABF11B-7515-4C19-9EF7-102AB81E335C}.Release|Any CPU.ActiveCfg = Release|Any CPU
		{72ABF11B-7515-4C19-9EF7-102AB81E335C}.Release|Any CPU.Build.0 = Release|Any CPU
		{5EBD95B1-F079-4411-90C9-F351C23F069D}.Debug|Any CPU.ActiveCfg = Debug|Any CPU
		{5EBD95B1-F079-4411-90C9-F351C23F069D}.Debug|Any CPU.Build.0 = Debug|Any CPU
		{5EBD95B1-F079-4411-90C9-F351C23F069D}.Release|Any CPU.ActiveCfg = Release|Any CPU
		{5EBD95B1-F079-4411-90C9-F351C23F069D}.Release|Any CPU.Build.0 = Release|Any CPU
		{908AD3AE-7E48-4C9A-9ACE-75FAE9E5EDC5}.Debug|Any CPU.ActiveCfg = Debug|Any CPU
		{908AD3AE-7E48-4C9A-9ACE-75FAE9E5EDC5}.Debug|Any CPU.Build.0 = Debug|Any CPU
		{908AD3AE-7E48-4C9A-9ACE-75FAE9E5EDC5}.Release|Any CPU.ActiveCfg = Release|Any CPU
		{908AD3AE-7E48-4C9A-9ACE-75FAE9E5EDC5}.Release|Any CPU.Build.0 = Release|Any CPU
		{7AB3F208-F04F-4301-A576-0D2A144F94AF}.Debug|Any CPU.ActiveCfg = Debug|Any CPU
		{7AB3F208-F04F-4301-A576-0D2A144F94AF}.Debug|Any CPU.Build.0 = Debug|Any CPU
		{7AB3F208-F04F-4301-A576-0D2A144F94AF}.Release|Any CPU.ActiveCfg = Release|Any CPU
		{7AB3F208-F04F-4301-A576-0D2A144F94AF}.Release|Any CPU.Build.0 = Release|Any CPU
		{2F352770-7F76-4F6F-B7B1-3C9CC31DC50E}.Debug|Any CPU.ActiveCfg = Debug|Any CPU
		{2F352770-7F76-4F6F-B7B1-3C9CC31DC50E}.Debug|Any CPU.Build.0 = Debug|Any CPU
		{2F352770-7F76-4F6F-B7B1-3C9CC31DC50E}.Release|Any CPU.ActiveCfg = Release|Any CPU
		{2F352770-7F76-4F6F-B7B1-3C9CC31DC50E}.Release|Any CPU.Build.0 = Release|Any CPU
		{4005795F-B8CC-40D1-B733-21166F8162DE}.Debug|Any CPU.ActiveCfg = Debug|Any CPU
		{4005795F-B8CC-40D1-B733-21166F8162DE}.Debug|Any CPU.Build.0 = Debug|Any CPU
		{4005795F-B8CC-40D1-B733-21166F8162DE}.Release|Any CPU.ActiveCfg = Release|Any CPU
		{4005795F-B8CC-40D1-B733-21166F8162DE}.Release|Any CPU.Build.0 = Release|Any CPU
		{70B69F0B-EE32-4AA0-AB30-19B003AF4458}.Debug|Any CPU.ActiveCfg = Debug|Any CPU
		{70B69F0B-EE32-4AA0-AB30-19B003AF4458}.Debug|Any CPU.Build.0 = Debug|Any CPU
		{70B69F0B-EE32-4AA0-AB30-19B003AF4458}.Release|Any CPU.ActiveCfg = Release|Any CPU
		{70B69F0B-EE32-4AA0-AB30-19B003AF4458}.Release|Any CPU.Build.0 = Release|Any CPU
		{175821FF-79F4-42E7-8F54-A85038C0313A}.Debug|Any CPU.ActiveCfg = Debug|Any CPU
		{175821FF-79F4-42E7-8F54-A85038C0313A}.Debug|Any CPU.Build.0 = Debug|Any CPU
		{175821FF-79F4-42E7-8F54-A85038C0313A}.Release|Any CPU.ActiveCfg = Release|Any CPU
		{175821FF-79F4-42E7-8F54-A85038C0313A}.Release|Any CPU.Build.0 = Release|Any CPU
		{8CDB0A85-1F40-4FA4-8C64-6CE50DB20906}.Debug|Any CPU.ActiveCfg = Debug|Any CPU
		{8CDB0A85-1F40-4FA4-8C64-6CE50DB20906}.Debug|Any CPU.Build.0 = Debug|Any CPU
		{8CDB0A85-1F40-4FA4-8C64-6CE50DB20906}.Release|Any CPU.ActiveCfg = Release|Any CPU
		{8CDB0A85-1F40-4FA4-8C64-6CE50DB20906}.Release|Any CPU.Build.0 = Release|Any CPU
		{274EBD8D-214C-4B7D-83F4-061BC04F58A5}.Debug|Any CPU.ActiveCfg = Debug|Any CPU
		{274EBD8D-214C-4B7D-83F4-061BC04F58A5}.Debug|Any CPU.Build.0 = Debug|Any CPU
		{274EBD8D-214C-4B7D-83F4-061BC04F58A5}.Release|Any CPU.ActiveCfg = Release|Any CPU
		{274EBD8D-214C-4B7D-83F4-061BC04F58A5}.Release|Any CPU.Build.0 = Release|Any CPU
		{EF52092B-4394-4E4A-B34D-CC85A71FA6B0}.Debug|Any CPU.ActiveCfg = Debug|Any CPU
		{EF52092B-4394-4E4A-B34D-CC85A71FA6B0}.Debug|Any CPU.Build.0 = Debug|Any CPU
		{EF52092B-4394-4E4A-B34D-CC85A71FA6B0}.Release|Any CPU.ActiveCfg = Release|Any CPU
		{EF52092B-4394-4E4A-B34D-CC85A71FA6B0}.Release|Any CPU.Build.0 = Release|Any CPU
		{07F739B1-5BD9-4062-816D-19E754515EFD}.Debug|Any CPU.ActiveCfg = Debug|Any CPU
		{07F739B1-5BD9-4062-816D-19E754515EFD}.Debug|Any CPU.Build.0 = Debug|Any CPU
		{07F739B1-5BD9-4062-816D-19E754515EFD}.Release|Any CPU.ActiveCfg = Release|Any CPU
		{07F739B1-5BD9-4062-816D-19E754515EFD}.Release|Any CPU.Build.0 = Release|Any CPU
		{D526638C-65A0-4A69-AC40-59FEB3AF9C6B}.Debug|Any CPU.ActiveCfg = Debug|Any CPU
		{D526638C-65A0-4A69-AC40-59FEB3AF9C6B}.Debug|Any CPU.Build.0 = Debug|Any CPU
		{D526638C-65A0-4A69-AC40-59FEB3AF9C6B}.Release|Any CPU.ActiveCfg = Release|Any CPU
		{D526638C-65A0-4A69-AC40-59FEB3AF9C6B}.Release|Any CPU.Build.0 = Release|Any CPU
		{2F13D768-6842-48C0-8436-F2B02B2C67C7}.Debug|Any CPU.ActiveCfg = Debug|Any CPU
		{2F13D768-6842-48C0-8436-F2B02B2C67C7}.Debug|Any CPU.Build.0 = Debug|Any CPU
		{2F13D768-6842-48C0-8436-F2B02B2C67C7}.Release|Any CPU.ActiveCfg = Release|Any CPU
		{2F13D768-6842-48C0-8436-F2B02B2C67C7}.Release|Any CPU.Build.0 = Release|Any CPU
		{9370EBB6-7D64-4E0C-929F-31BF300CDD88}.Debug|Any CPU.ActiveCfg = Debug|Any CPU
		{9370EBB6-7D64-4E0C-929F-31BF300CDD88}.Debug|Any CPU.Build.0 = Debug|Any CPU
		{9370EBB6-7D64-4E0C-929F-31BF300CDD88}.Release|Any CPU.ActiveCfg = Release|Any CPU
		{9370EBB6-7D64-4E0C-929F-31BF300CDD88}.Release|Any CPU.Build.0 = Release|Any CPU
		{F410402E-EFE0-48C1-AFA3-FA4E110933FA}.Debug|Any CPU.ActiveCfg = Debug|Any CPU
		{F410402E-EFE0-48C1-AFA3-FA4E110933FA}.Debug|Any CPU.Build.0 = Debug|Any CPU
		{F410402E-EFE0-48C1-AFA3-FA4E110933FA}.Release|Any CPU.ActiveCfg = Release|Any CPU
		{F410402E-EFE0-48C1-AFA3-FA4E110933FA}.Release|Any CPU.Build.0 = Release|Any CPU
		{D1E94EEA-6693-4E96-83FC-9BC07E097F2A}.Debug|Any CPU.ActiveCfg = Debug|Any CPU
		{D1E94EEA-6693-4E96-83FC-9BC07E097F2A}.Debug|Any CPU.Build.0 = Debug|Any CPU
		{D1E94EEA-6693-4E96-83FC-9BC07E097F2A}.Release|Any CPU.ActiveCfg = Release|Any CPU
		{D1E94EEA-6693-4E96-83FC-9BC07E097F2A}.Release|Any CPU.Build.0 = Release|Any CPU
		{2276CD19-AA65-47A4-962B-CB131B450926}.Debug|Any CPU.ActiveCfg = Debug|Any CPU
		{2276CD19-AA65-47A4-962B-CB131B450926}.Debug|Any CPU.Build.0 = Debug|Any CPU
		{2276CD19-AA65-47A4-962B-CB131B450926}.Release|Any CPU.ActiveCfg = Release|Any CPU
		{2276CD19-AA65-47A4-962B-CB131B450926}.Release|Any CPU.Build.0 = Release|Any CPU
		{3B3939DF-3A6F-4278-BF8C-54BCA12FDE30}.Debug|Any CPU.ActiveCfg = Debug|Any CPU
		{3B3939DF-3A6F-4278-BF8C-54BCA12FDE30}.Debug|Any CPU.Build.0 = Debug|Any CPU
		{3B3939DF-3A6F-4278-BF8C-54BCA12FDE30}.Release|Any CPU.ActiveCfg = Release|Any CPU
		{3B3939DF-3A6F-4278-BF8C-54BCA12FDE30}.Release|Any CPU.Build.0 = Release|Any CPU
		{3456C6A3-1498-411C-AA2C-FE848F67857A}.Debug|Any CPU.ActiveCfg = Debug|Any CPU
		{3456C6A3-1498-411C-AA2C-FE848F67857A}.Debug|Any CPU.Build.0 = Debug|Any CPU
		{3456C6A3-1498-411C-AA2C-FE848F67857A}.Release|Any CPU.ActiveCfg = Release|Any CPU
		{3456C6A3-1498-411C-AA2C-FE848F67857A}.Release|Any CPU.Build.0 = Release|Any CPU
		{8F82B6F9-A8B1-4D7B-8798-339DDFF2FDA6}.Debug|Any CPU.ActiveCfg = Debug|Any CPU
		{8F82B6F9-A8B1-4D7B-8798-339DDFF2FDA6}.Debug|Any CPU.Build.0 = Debug|Any CPU
		{8F82B6F9-A8B1-4D7B-8798-339DDFF2FDA6}.Release|Any CPU.ActiveCfg = Release|Any CPU
		{8F82B6F9-A8B1-4D7B-8798-339DDFF2FDA6}.Release|Any CPU.Build.0 = Release|Any CPU
		{726CC924-146F-4BFE-B1B2-55A3F4FFC6AE}.Debug|Any CPU.ActiveCfg = Debug|Any CPU
		{726CC924-146F-4BFE-B1B2-55A3F4FFC6AE}.Debug|Any CPU.Build.0 = Debug|Any CPU
		{726CC924-146F-4BFE-B1B2-55A3F4FFC6AE}.Release|Any CPU.ActiveCfg = Release|Any CPU
		{726CC924-146F-4BFE-B1B2-55A3F4FFC6AE}.Release|Any CPU.Build.0 = Release|Any CPU
		{91E0427A-4028-4C42-9728-56FD57BB99FD}.Debug|Any CPU.ActiveCfg = Debug|Any CPU
		{91E0427A-4028-4C42-9728-56FD57BB99FD}.Debug|Any CPU.Build.0 = Debug|Any CPU
		{91E0427A-4028-4C42-9728-56FD57BB99FD}.Release|Any CPU.ActiveCfg = Release|Any CPU
		{91E0427A-4028-4C42-9728-56FD57BB99FD}.Release|Any CPU.Build.0 = Release|Any CPU
		{632EF1C4-94A2-408C-955A-C8C3BB9335D3}.Debug|Any CPU.ActiveCfg = Debug|Any CPU
		{632EF1C4-94A2-408C-955A-C8C3BB9335D3}.Debug|Any CPU.Build.0 = Debug|Any CPU
		{632EF1C4-94A2-408C-955A-C8C3BB9335D3}.Release|Any CPU.ActiveCfg = Release|Any CPU
		{632EF1C4-94A2-408C-955A-C8C3BB9335D3}.Release|Any CPU.Build.0 = Release|Any CPU
		{1DB8A976-2D65-4118-9F01-C98C9E0DCBF2}.Debug|Any CPU.ActiveCfg = Debug|Any CPU
		{1DB8A976-2D65-4118-9F01-C98C9E0DCBF2}.Debug|Any CPU.Build.0 = Debug|Any CPU
		{1DB8A976-2D65-4118-9F01-C98C9E0DCBF2}.Release|Any CPU.ActiveCfg = Release|Any CPU
		{1DB8A976-2D65-4118-9F01-C98C9E0DCBF2}.Release|Any CPU.Build.0 = Release|Any CPU
		{15EDECB3-BC96-4E92-A96B-F4B00075BD6E}.Debug|Any CPU.ActiveCfg = Debug|Any CPU
		{15EDECB3-BC96-4E92-A96B-F4B00075BD6E}.Debug|Any CPU.Build.0 = Debug|Any CPU
		{15EDECB3-BC96-4E92-A96B-F4B00075BD6E}.Release|Any CPU.ActiveCfg = Release|Any CPU
		{15EDECB3-BC96-4E92-A96B-F4B00075BD6E}.Release|Any CPU.Build.0 = Release|Any CPU
		{5CA722ED-7E5B-4794-B958-AF817932F351}.Debug|Any CPU.ActiveCfg = Debug|Any CPU
		{5CA722ED-7E5B-4794-B958-AF817932F351}.Debug|Any CPU.Build.0 = Debug|Any CPU
		{5CA722ED-7E5B-4794-B958-AF817932F351}.Release|Any CPU.ActiveCfg = Release|Any CPU
		{5CA722ED-7E5B-4794-B958-AF817932F351}.Release|Any CPU.Build.0 = Release|Any CPU
		{749E9D19-9548-4355-8318-628FE0FB8D8C}.Debug|Any CPU.ActiveCfg = Debug|Any CPU
		{749E9D19-9548-4355-8318-628FE0FB8D8C}.Debug|Any CPU.Build.0 = Debug|Any CPU
		{749E9D19-9548-4355-8318-628FE0FB8D8C}.Release|Any CPU.ActiveCfg = Release|Any CPU
		{749E9D19-9548-4355-8318-628FE0FB8D8C}.Release|Any CPU.Build.0 = Release|Any CPU
		{DCE4A99A-9C2B-4554-A3FE-D92E76DE1F50}.Debug|Any CPU.ActiveCfg = Debug|Any CPU
		{DCE4A99A-9C2B-4554-A3FE-D92E76DE1F50}.Debug|Any CPU.Build.0 = Debug|Any CPU
		{DCE4A99A-9C2B-4554-A3FE-D92E76DE1F50}.Release|Any CPU.ActiveCfg = Release|Any CPU
		{DCE4A99A-9C2B-4554-A3FE-D92E76DE1F50}.Release|Any CPU.Build.0 = Release|Any CPU
		{C92DF7B8-A931-498E-9BD5-B0BB20C098C7}.Debug|Any CPU.ActiveCfg = Debug|Any CPU
		{C92DF7B8-A931-498E-9BD5-B0BB20C098C7}.Release|Any CPU.ActiveCfg = Release|Any CPU
		{80BD0DB6-E0A6-4592-B1F0-F2C3525CDA71}.Debug|Any CPU.ActiveCfg = Debug|Any CPU
		{80BD0DB6-E0A6-4592-B1F0-F2C3525CDA71}.Release|Any CPU.ActiveCfg = Release|Any CPU
		{6DDBCE14-744A-4983-8327-84DC330D7434}.Debug|Any CPU.ActiveCfg = Debug|Any CPU
		{6DDBCE14-744A-4983-8327-84DC330D7434}.Debug|Any CPU.Build.0 = Debug|Any CPU
		{6DDBCE14-744A-4983-8327-84DC330D7434}.Release|Any CPU.ActiveCfg = Release|Any CPU
		{6DDBCE14-744A-4983-8327-84DC330D7434}.Release|Any CPU.Build.0 = Release|Any CPU
		{A1B8F3BF-1F06-42B0-A18E-603D4D89FE56}.Debug|Any CPU.ActiveCfg = Debug|Any CPU
		{A1B8F3BF-1F06-42B0-A18E-603D4D89FE56}.Debug|Any CPU.Build.0 = Debug|Any CPU
		{A1B8F3BF-1F06-42B0-A18E-603D4D89FE56}.Release|Any CPU.ActiveCfg = Release|Any CPU
		{A1B8F3BF-1F06-42B0-A18E-603D4D89FE56}.Release|Any CPU.Build.0 = Release|Any CPU
		{A56EAF7B-7E54-445A-B457-EC95B06EAA15}.Debug|Any CPU.ActiveCfg = Debug|Any CPU
		{A56EAF7B-7E54-445A-B457-EC95B06EAA15}.Debug|Any CPU.Build.0 = Debug|Any CPU
		{A56EAF7B-7E54-445A-B457-EC95B06EAA15}.Release|Any CPU.ActiveCfg = Release|Any CPU
		{A56EAF7B-7E54-445A-B457-EC95B06EAA15}.Release|Any CPU.Build.0 = Release|Any CPU
		{8F551838-5ABF-4033-AB38-4DDF68E5E677}.Debug|Any CPU.ActiveCfg = Debug|Any CPU
		{8F551838-5ABF-4033-AB38-4DDF68E5E677}.Debug|Any CPU.Build.0 = Debug|Any CPU
		{8F551838-5ABF-4033-AB38-4DDF68E5E677}.Release|Any CPU.ActiveCfg = Release|Any CPU
		{8F551838-5ABF-4033-AB38-4DDF68E5E677}.Release|Any CPU.Build.0 = Release|Any CPU
		{EBDB4778-8B6C-4DAE-B1EF-F12B5AE0F252}.Debug|Any CPU.ActiveCfg = Debug|Any CPU
		{EBDB4778-8B6C-4DAE-B1EF-F12B5AE0F252}.Debug|Any CPU.Build.0 = Debug|Any CPU
		{EBDB4778-8B6C-4DAE-B1EF-F12B5AE0F252}.Release|Any CPU.ActiveCfg = Release|Any CPU
		{EBDB4778-8B6C-4DAE-B1EF-F12B5AE0F252}.Release|Any CPU.Build.0 = Release|Any CPU
		{C4548B7C-0838-4111-8918-9E7A2C943973}.Debug|Any CPU.ActiveCfg = Debug|Any CPU
		{C4548B7C-0838-4111-8918-9E7A2C943973}.Debug|Any CPU.Build.0 = Debug|Any CPU
		{C4548B7C-0838-4111-8918-9E7A2C943973}.Release|Any CPU.ActiveCfg = Release|Any CPU
		{C4548B7C-0838-4111-8918-9E7A2C943973}.Release|Any CPU.Build.0 = Release|Any CPU
		{F5EE0006-0F47-4FD9-B92B-3D05C60E7F92}.Debug|Any CPU.ActiveCfg = Debug|Any CPU
		{F5EE0006-0F47-4FD9-B92B-3D05C60E7F92}.Debug|Any CPU.Build.0 = Debug|Any CPU
		{F5EE0006-0F47-4FD9-B92B-3D05C60E7F92}.Release|Any CPU.ActiveCfg = Release|Any CPU
		{F5EE0006-0F47-4FD9-B92B-3D05C60E7F92}.Release|Any CPU.Build.0 = Release|Any CPU
		{52761652-F720-43D9-9421-00E14862DA9E}.Debug|Any CPU.ActiveCfg = Debug|Any CPU
		{52761652-F720-43D9-9421-00E14862DA9E}.Debug|Any CPU.Build.0 = Debug|Any CPU
		{52761652-F720-43D9-9421-00E14862DA9E}.Release|Any CPU.ActiveCfg = Release|Any CPU
		{52761652-F720-43D9-9421-00E14862DA9E}.Release|Any CPU.Build.0 = Release|Any CPU
		{73EA69DD-5A9B-4B59-9E0C-FE6809C5E874}.Debug|Any CPU.ActiveCfg = Debug|Any CPU
		{73EA69DD-5A9B-4B59-9E0C-FE6809C5E874}.Debug|Any CPU.Build.0 = Debug|Any CPU
		{73EA69DD-5A9B-4B59-9E0C-FE6809C5E874}.Release|Any CPU.ActiveCfg = Release|Any CPU
		{73EA69DD-5A9B-4B59-9E0C-FE6809C5E874}.Release|Any CPU.Build.0 = Release|Any CPU
		{3C4230AE-10E8-488D-BBFB-51F0B2CA1754}.Debug|Any CPU.ActiveCfg = Debug|Any CPU
		{3C4230AE-10E8-488D-BBFB-51F0B2CA1754}.Debug|Any CPU.Build.0 = Debug|Any CPU
		{3C4230AE-10E8-488D-BBFB-51F0B2CA1754}.Release|Any CPU.ActiveCfg = Release|Any CPU
		{3C4230AE-10E8-488D-BBFB-51F0B2CA1754}.Release|Any CPU.Build.0 = Release|Any CPU
	EndGlobalSection
	GlobalSection(SolutionProperties) = preSolution
		HideSolutionNode = FALSE
	EndGlobalSection
	GlobalSection(NestedProjects) = preSolution
		{C4E1078D-E7C5-4C0C-9CF8-4421BCCDA19A} = {7ACAF714-2848-43A9-ABA7-E68E37A142A2}
		{7575E70D-63BD-421D-9941-B38161952E8A} = {7ACAF714-2848-43A9-ABA7-E68E37A142A2}
		{000B53AF-53FA-4667-B7F0-4C4BB6CD70A8} = {7ACAF714-2848-43A9-ABA7-E68E37A142A2}
		{E0B0482A-2ACB-430A-B535-1950D783C94E} = {1777E69F-97B9-4A95-A2F6-ACC1F5C4BD03}
		{72ABF11B-7515-4C19-9EF7-102AB81E335C} = {7ACAF714-2848-43A9-ABA7-E68E37A142A2}
		{5EBD95B1-F079-4411-90C9-F351C23F069D} = {7ACAF714-2848-43A9-ABA7-E68E37A142A2}
		{1777E69F-97B9-4A95-A2F6-ACC1F5C4BD03} = {7ACAF714-2848-43A9-ABA7-E68E37A142A2}
		{908AD3AE-7E48-4C9A-9ACE-75FAE9E5EDC5} = {1777E69F-97B9-4A95-A2F6-ACC1F5C4BD03}
		{7AB3F208-F04F-4301-A576-0D2A144F94AF} = {1777E69F-97B9-4A95-A2F6-ACC1F5C4BD03}
		{A97FD245-E3D4-4D2D-8D9A-1D763638A7C1} = {7ACAF714-2848-43A9-ABA7-E68E37A142A2}
		{2F352770-7F76-4F6F-B7B1-3C9CC31DC50E} = {A97FD245-E3D4-4D2D-8D9A-1D763638A7C1}
		{4005795F-B8CC-40D1-B733-21166F8162DE} = {A97FD245-E3D4-4D2D-8D9A-1D763638A7C1}
		{70B69F0B-EE32-4AA0-AB30-19B003AF4458} = {A97FD245-E3D4-4D2D-8D9A-1D763638A7C1}
		{175821FF-79F4-42E7-8F54-A85038C0313A} = {A97FD245-E3D4-4D2D-8D9A-1D763638A7C1}
		{8CDB0A85-1F40-4FA4-8C64-6CE50DB20906} = {A97FD245-E3D4-4D2D-8D9A-1D763638A7C1}
		{01906382-7516-4779-9AB3-712B1FE6FB5F} = {0320E5CF-A913-4629-AE76-4C40EE78824D}
		{274EBD8D-214C-4B7D-83F4-061BC04F58A5} = {01906382-7516-4779-9AB3-712B1FE6FB5F}
		{EF52092B-4394-4E4A-B34D-CC85A71FA6B0} = {01906382-7516-4779-9AB3-712B1FE6FB5F}
		{07F739B1-5BD9-4062-816D-19E754515EFD} = {01906382-7516-4779-9AB3-712B1FE6FB5F}
		{D526638C-65A0-4A69-AC40-59FEB3AF9C6B} = {01906382-7516-4779-9AB3-712B1FE6FB5F}
		{2F13D768-6842-48C0-8436-F2B02B2C67C7} = {01906382-7516-4779-9AB3-712B1FE6FB5F}
		{4369B128-0D93-43B2-AA0C-A4E26BD81FD3} = {0320E5CF-A913-4629-AE76-4C40EE78824D}
		{9370EBB6-7D64-4E0C-929F-31BF300CDD88} = {4369B128-0D93-43B2-AA0C-A4E26BD81FD3}
		{F410402E-EFE0-48C1-AFA3-FA4E110933FA} = {4369B128-0D93-43B2-AA0C-A4E26BD81FD3}
		{D1E94EEA-6693-4E96-83FC-9BC07E097F2A} = {4369B128-0D93-43B2-AA0C-A4E26BD81FD3}
		{2276CD19-AA65-47A4-962B-CB131B450926} = {0320E5CF-A913-4629-AE76-4C40EE78824D}
		{3B3939DF-3A6F-4278-BF8C-54BCA12FDE30} = {0320E5CF-A913-4629-AE76-4C40EE78824D}
		{3456C6A3-1498-411C-AA2C-FE848F67857A} = {0320E5CF-A913-4629-AE76-4C40EE78824D}
		{8F82B6F9-A8B1-4D7B-8798-339DDFF2FDA6} = {0320E5CF-A913-4629-AE76-4C40EE78824D}
		{726CC924-146F-4BFE-B1B2-55A3F4FFC6AE} = {1777E69F-97B9-4A95-A2F6-ACC1F5C4BD03}
		{91E0427A-4028-4C42-9728-56FD57BB99FD} = {4369B128-0D93-43B2-AA0C-A4E26BD81FD3}
		{632EF1C4-94A2-408C-955A-C8C3BB9335D3} = {A97FD245-E3D4-4D2D-8D9A-1D763638A7C1}
		{97F51DF8-427D-4DFB-A89E-A86C02773221} = {0320E5CF-A913-4629-AE76-4C40EE78824D}
		{1DB8A976-2D65-4118-9F01-C98C9E0DCBF2} = {97F51DF8-427D-4DFB-A89E-A86C02773221}
		{15EDECB3-BC96-4E92-A96B-F4B00075BD6E} = {01906382-7516-4779-9AB3-712B1FE6FB5F}
		{5CA722ED-7E5B-4794-B958-AF817932F351} = {A97FD245-E3D4-4D2D-8D9A-1D763638A7C1}
		{749E9D19-9548-4355-8318-628FE0FB8D8C} = {01906382-7516-4779-9AB3-712B1FE6FB5F}
		{DCE4A99A-9C2B-4554-A3FE-D92E76DE1F50} = {7ACAF714-2848-43A9-ABA7-E68E37A142A2}
		{C92DF7B8-A931-498E-9BD5-B0BB20C098C7} = {834D1380-A3CE-4894-B096-42A995F114CC}
		{834D1380-A3CE-4894-B096-42A995F114CC} = {7ACAF714-2848-43A9-ABA7-E68E37A142A2}
		{80BD0DB6-E0A6-4592-B1F0-F2C3525CDA71} = {834D1380-A3CE-4894-B096-42A995F114CC}
		{6DDBCE14-744A-4983-8327-84DC330D7434} = {7ACAF714-2848-43A9-ABA7-E68E37A142A2}
		{DE0BA70D-F300-426F-9739-902AD75E12C1} = {7ACAF714-2848-43A9-ABA7-E68E37A142A2}
		{A1B8F3BF-1F06-42B0-A18E-603D4D89FE56} = {DE0BA70D-F300-426F-9739-902AD75E12C1}
		{A56EAF7B-7E54-445A-B457-EC95B06EAA15} = {DE0BA70D-F300-426F-9739-902AD75E12C1}
		{8F551838-5ABF-4033-AB38-4DDF68E5E677} = {DE0BA70D-F300-426F-9739-902AD75E12C1}
		{EBDB4778-8B6C-4DAE-B1EF-F12B5AE0F252} = {7ACAF714-2848-43A9-ABA7-E68E37A142A2}
		{C4548B7C-0838-4111-8918-9E7A2C943973} = {7ACAF714-2848-43A9-ABA7-E68E37A142A2}
		{F5EE0006-0F47-4FD9-B92B-3D05C60E7F92} = {7ACAF714-2848-43A9-ABA7-E68E37A142A2}
		{52761652-F720-43D9-9421-00E14862DA9E} = {7ACAF714-2848-43A9-ABA7-E68E37A142A2}
		{73EA69DD-5A9B-4B59-9E0C-FE6809C5E874} = {DE0BA70D-F300-426F-9739-902AD75E12C1}
		{3C4230AE-10E8-488D-BBFB-51F0B2CA1754} = {DE0BA70D-F300-426F-9739-902AD75E12C1}
	EndGlobalSection
	GlobalSection(ExtensibilityGlobals) = postSolution
		SolutionGuid = {9B14BF98-4C54-45BE-843C-5BCB9B9ECEBB}
	EndGlobalSection
EndGlobal
